
Microsoft Visual Studio Solution File, Format Version 12.00
# Visual Studio 15
VisualStudioVersion = 15.0.28010.2026
MinimumVisualStudioVersion = 10.0.40219.1
Project("{FAE04EC0-301F-11D3-BF4B-00C04F79EFBC}") = "TCP_Connection", "TCP_Connection\TCP_Connection.csproj", "{05850D07-8591-4319-A52A-D3ED0C4F60C7}"
EndProject
Project("{2150E333-8FDC-42A3-9474-1A3956D46DE8}") = "TCP", "TCP", "{EA8E005B-E195-45A1-97C8-EC3CF8FB6016}"
EndProject
Global
	GlobalSection(SolutionConfigurationPlatforms) = preSolution
		Debug|Any CPU = Debug|Any CPU
		Release|Any CPU = Release|Any CPU
	EndGlobalSection
	GlobalSection(ProjectConfigurationPlatforms) = postSolution
		{05850D07-8591-4319-A52A-D3ED0C4F60C7}.Debug|Any CPU.ActiveCfg = Debug|Any CPU
		{05850D07-8591-4319-A52A-D3ED0C4F60C7}.Debug|Any CPU.Build.0 = Debug|Any CPU
		{05850D07-8591-4319-A52A-D3ED0C4F60C7}.Release|Any CPU.ActiveCfg = Release|Any CPU
		{05850D07-8591-4319-A52A-D3ED0C4F60C7}.Release|Any CPU.Build.0 = Release|Any CPU
	EndGlobalSection
	GlobalSection(SolutionProperties) = preSolution
		HideSolutionNode = FALSE
	EndGlobalSection
	GlobalSection(NestedProjects) = preSolution
		{05850D07-8591-4319-A52A-D3ED0C4F60C7} = {EA8E005B-E195-45A1-97C8-EC3CF8FB6016}
	EndGlobalSection
	GlobalSection(ExtensibilityGlobals) = postSolution
		SolutionGuid = {DBE94C37-0207-4A44-94D4-8615A0CFAE89}
	EndGlobalSection
EndGlobal
