
Microsoft Visual Studio Solution File, Format Version 12.00
# Visual Studio 15
VisualStudioVersion = 15.0.28010.2016
MinimumVisualStudioVersion = 10.0.40219.1
Project("{FAE04EC0-301F-11D3-BF4B-00C04F79EFBC}") = "TCP_Server", "TCP_Server\TCP_Server.csproj", "{53B6AAF6-DD82-4B35-9823-794ECEB90AB0}"
	ProjectSection(ProjectDependencies) = postProject
		{34EDD763-C18A-49A1-8ECB-4F452F345FBE} = {34EDD763-C18A-49A1-8ECB-4F452F345FBE}
	EndProjectSection
EndProject
Project("{9A19103F-16F7-4668-BE54-9A1E7A4F7556}") = "EandE_ServerModel", "TCP-Model\EandE_ServerModel.csproj", "{34EDD763-C18A-49A1-8ECB-4F452F345FBE}"
EndProject
Project("{9A19103F-16F7-4668-BE54-9A1E7A4F7556}") = "TCP_Client", "TCP_Client\TCP_Client.csproj", "{DF025D18-0ADA-40B9-84A7-7BCC6D3BB381}"
	ProjectSection(ProjectDependencies) = postProject
		{34EDD763-C18A-49A1-8ECB-4F452F345FBE} = {34EDD763-C18A-49A1-8ECB-4F452F345FBE}
	EndProjectSection
EndProject
Project("{FAE04EC0-301F-11D3-BF4B-00C04F79EFBC}") = "Wrapper", "Wrapper\Wrapper.csproj", "{BB376CE1-3B8E-46AF-98D7-29B8FD060503}"
EndProject
Project("{FAE04EC0-301F-11D3-BF4B-00C04F79EFBC}") = "Shared", "Shared\Shared.csproj", "{756D09A9-DC55-4F94-B05B-C3756F55036F}"
EndProject
Project("{2150E333-8FDC-42A3-9474-1A3956D46DE8}") = "OldModel", "OldModel", "{9E1650CB-041D-4190-B0DD-D121237DFC18}"
EndProject
Project("{2150E333-8FDC-42A3-9474-1A3956D46DE8}") = "NewModel", "NewModel", "{4CCDF660-42B1-425C-8724-6F3F733E2DE8}"
EndProject
Global
	GlobalSection(SolutionConfigurationPlatforms) = preSolution
		Debug|Any CPU = Debug|Any CPU
		Release|Any CPU = Release|Any CPU
	EndGlobalSection
	GlobalSection(ProjectConfigurationPlatforms) = postSolution
		{53B6AAF6-DD82-4B35-9823-794ECEB90AB0}.Debug|Any CPU.ActiveCfg = Debug|Any CPU
		{53B6AAF6-DD82-4B35-9823-794ECEB90AB0}.Debug|Any CPU.Build.0 = Debug|Any CPU
		{53B6AAF6-DD82-4B35-9823-794ECEB90AB0}.Release|Any CPU.ActiveCfg = Release|Any CPU
		{53B6AAF6-DD82-4B35-9823-794ECEB90AB0}.Release|Any CPU.Build.0 = Release|Any CPU
		{34EDD763-C18A-49A1-8ECB-4F452F345FBE}.Debug|Any CPU.ActiveCfg = Debug|Any CPU
		{34EDD763-C18A-49A1-8ECB-4F452F345FBE}.Debug|Any CPU.Build.0 = Debug|Any CPU
		{34EDD763-C18A-49A1-8ECB-4F452F345FBE}.Release|Any CPU.ActiveCfg = Release|Any CPU
		{34EDD763-C18A-49A1-8ECB-4F452F345FBE}.Release|Any CPU.Build.0 = Release|Any CPU
		{DF025D18-0ADA-40B9-84A7-7BCC6D3BB381}.Debug|Any CPU.ActiveCfg = Debug|Any CPU
		{DF025D18-0ADA-40B9-84A7-7BCC6D3BB381}.Debug|Any CPU.Build.0 = Debug|Any CPU
		{DF025D18-0ADA-40B9-84A7-7BCC6D3BB381}.Release|Any CPU.ActiveCfg = Release|Any CPU
		{DF025D18-0ADA-40B9-84A7-7BCC6D3BB381}.Release|Any CPU.Build.0 = Release|Any CPU
		{BB376CE1-3B8E-46AF-98D7-29B8FD060503}.Debug|Any CPU.ActiveCfg = Debug|Any CPU
		{BB376CE1-3B8E-46AF-98D7-29B8FD060503}.Debug|Any CPU.Build.0 = Debug|Any CPU
		{BB376CE1-3B8E-46AF-98D7-29B8FD060503}.Release|Any CPU.ActiveCfg = Release|Any CPU
		{BB376CE1-3B8E-46AF-98D7-29B8FD060503}.Release|Any CPU.Build.0 = Release|Any CPU
		{756D09A9-DC55-4F94-B05B-C3756F55036F}.Debug|Any CPU.ActiveCfg = Debug|Any CPU
		{756D09A9-DC55-4F94-B05B-C3756F55036F}.Debug|Any CPU.Build.0 = Debug|Any CPU
		{756D09A9-DC55-4F94-B05B-C3756F55036F}.Release|Any CPU.ActiveCfg = Release|Any CPU
		{756D09A9-DC55-4F94-B05B-C3756F55036F}.Release|Any CPU.Build.0 = Release|Any CPU
	EndGlobalSection
	GlobalSection(SolutionProperties) = preSolution
		HideSolutionNode = FALSE
	EndGlobalSection
	GlobalSection(NestedProjects) = preSolution
		{53B6AAF6-DD82-4B35-9823-794ECEB90AB0} = {4CCDF660-42B1-425C-8724-6F3F733E2DE8}
		{34EDD763-C18A-49A1-8ECB-4F452F345FBE} = {9E1650CB-041D-4190-B0DD-D121237DFC18}
		{DF025D18-0ADA-40B9-84A7-7BCC6D3BB381} = {4CCDF660-42B1-425C-8724-6F3F733E2DE8}
		{BB376CE1-3B8E-46AF-98D7-29B8FD060503} = {4CCDF660-42B1-425C-8724-6F3F733E2DE8}
		{756D09A9-DC55-4F94-B05B-C3756F55036F} = {4CCDF660-42B1-425C-8724-6F3F733E2DE8}
	EndGlobalSection
	GlobalSection(ExtensibilityGlobals) = postSolution
		SolutionGuid = {C4A9A4BC-9268-4F98-BC6D-1B4422F27A05}
	EndGlobalSection
EndGlobal
