
Microsoft Visual Studio Solution File, Format Version 12.00
# Visual Studio 15
VisualStudioVersion = 15.0.28010.2016
MinimumVisualStudioVersion = 10.0.40219.1
Project("{FAE04EC0-301F-11D3-BF4B-00C04F79EFBC}") = "TcpTestProgramm", "TcpTestProgramm\TcpTestProgramm.csproj", "{085A5F94-2B38-4452-8535-30FA6678CEE1}"
EndProject
Project("{FAE04EC0-301F-11D3-BF4B-00C04F79EFBC}") = "ServerTest", "ServerTest\ServerTest.csproj", "{2F2ABFF8-3904-416D-83D7-3500971F7C1B}"
EndProject
Project("{FAE04EC0-301F-11D3-BF4B-00C04F79EFBC}") = "TestClient", "TestClient\TestClient.csproj", "{AD7F7771-BA30-44DB-A9C0-4D3541ED0B53}"
EndProject
Global
	GlobalSection(SolutionConfigurationPlatforms) = preSolution
		Debug|Any CPU = Debug|Any CPU
		Release|Any CPU = Release|Any CPU
	EndGlobalSection
	GlobalSection(ProjectConfigurationPlatforms) = postSolution
		{085A5F94-2B38-4452-8535-30FA6678CEE1}.Debug|Any CPU.ActiveCfg = Debug|Any CPU
		{085A5F94-2B38-4452-8535-30FA6678CEE1}.Debug|Any CPU.Build.0 = Debug|Any CPU
		{085A5F94-2B38-4452-8535-30FA6678CEE1}.Release|Any CPU.ActiveCfg = Release|Any CPU
		{085A5F94-2B38-4452-8535-30FA6678CEE1}.Release|Any CPU.Build.0 = Release|Any CPU
		{2F2ABFF8-3904-416D-83D7-3500971F7C1B}.Debug|Any CPU.ActiveCfg = Debug|Any CPU
		{2F2ABFF8-3904-416D-83D7-3500971F7C1B}.Debug|Any CPU.Build.0 = Debug|Any CPU
		{2F2ABFF8-3904-416D-83D7-3500971F7C1B}.Release|Any CPU.ActiveCfg = Release|Any CPU
		{2F2ABFF8-3904-416D-83D7-3500971F7C1B}.Release|Any CPU.Build.0 = Release|Any CPU
		{AD7F7771-BA30-44DB-A9C0-4D3541ED0B53}.Debug|Any CPU.ActiveCfg = Debug|Any CPU
		{AD7F7771-BA30-44DB-A9C0-4D3541ED0B53}.Debug|Any CPU.Build.0 = Debug|Any CPU
		{AD7F7771-BA30-44DB-A9C0-4D3541ED0B53}.Release|Any CPU.ActiveCfg = Release|Any CPU
		{AD7F7771-BA30-44DB-A9C0-4D3541ED0B53}.Release|Any CPU.Build.0 = Release|Any CPU
	EndGlobalSection
	GlobalSection(SolutionProperties) = preSolution
		HideSolutionNode = FALSE
	EndGlobalSection
	GlobalSection(ExtensibilityGlobals) = postSolution
		SolutionGuid = {C4A9A4BC-9268-4F98-BC6D-1B4422F27A05}
	EndGlobalSection
EndGlobal
